// !$*UTF8*$!
{
	archiveVersion = 1;
	classes = {
	};
	objectVersion = 50;
	objects = {

/* Begin PBXBuildFile section */
		15353FAB21B9E42F00D7F378 /* Relato.swift in Sources */ = {isa = PBXBuildFile; fileRef = 15353FAA21B9E42F00D7F378 /* Relato.swift */; };
		15353FAE21BE9FE200D7F378 /* Firebase.swift in Sources */ = {isa = PBXBuildFile; fileRef = 15353FAD21BE9FE200D7F378 /* Firebase.swift */; };
		15353FB021BEA38900D7F378 /* Extentions.swift in Sources */ = {isa = PBXBuildFile; fileRef = 15353FAF21BEA38900D7F378 /* Extentions.swift */; };
		15353FB221BEDCF800D7F378 /* GoogleService-Info.plist in Resources */ = {isa = PBXBuildFile; fileRef = 15353FB121BEDCF800D7F378 /* GoogleService-Info.plist */; };
		15353FB421BEE42500D7F378 /* User.swift in Sources */ = {isa = PBXBuildFile; fileRef = 15353FB321BEE42500D7F378 /* User.swift */; };
		15353FB621BEE45700D7F378 /* Conversa.swift in Sources */ = {isa = PBXBuildFile; fileRef = 15353FB521BEE45700D7F378 /* Conversa.swift */; };
		1F07AEE7DD3EF00918AD7918 /* Pods_ChaDas5UITests.framework in Frameworks */ = {isa = PBXBuildFile; fileRef = 5335FD44275DEDD5BB93BFA6 /* Pods_ChaDas5UITests.framework */; };
		96451FD321AC79EF00C9C351 /* AppDelegate.swift in Sources */ = {isa = PBXBuildFile; fileRef = 96451FD221AC79EF00C9C351 /* AppDelegate.swift */; };
		96451FD521AC79EF00C9C351 /* ViewController.swift in Sources */ = {isa = PBXBuildFile; fileRef = 96451FD421AC79EF00C9C351 /* ViewController.swift */; };
		96451FD821AC79EF00C9C351 /* Main.storyboard in Resources */ = {isa = PBXBuildFile; fileRef = 96451FD621AC79EF00C9C351 /* Main.storyboard */; };
		96451FDA21AC79F000C9C351 /* Assets.xcassets in Resources */ = {isa = PBXBuildFile; fileRef = 96451FD921AC79F000C9C351 /* Assets.xcassets */; };
		96451FDD21AC79F000C9C351 /* LaunchScreen.storyboard in Resources */ = {isa = PBXBuildFile; fileRef = 96451FDB21AC79F000C9C351 /* LaunchScreen.storyboard */; };
		96451FE821AC79F000C9C351 /* ChaDas5UITests.swift in Sources */ = {isa = PBXBuildFile; fileRef = 96451FE721AC79F000C9C351 /* ChaDas5UITests.swift */; };
		97435019DCF66111CD5571BD /* Pods_ChaDas5.framework in Frameworks */ = {isa = PBXBuildFile; fileRef = EEAAA7FC857C7B8EBF528C2A /* Pods_ChaDas5.framework */; };
/* End PBXBuildFile section */

/* Begin PBXContainerItemProxy section */
		96451FE421AC79F000C9C351 /* PBXContainerItemProxy */ = {
			isa = PBXContainerItemProxy;
			containerPortal = 96451FC721AC79EF00C9C351 /* Project object */;
			proxyType = 1;
			remoteGlobalIDString = 96451FCE21AC79EF00C9C351;
			remoteInfo = ChaDas5;
		};
/* End PBXContainerItemProxy section */

/* Begin PBXFileReference section */
		15353FAA21B9E42F00D7F378 /* Relato.swift */ = {isa = PBXFileReference; lastKnownFileType = sourcecode.swift; path = Relato.swift; sourceTree = "<group>"; };
		15353FAD21BE9FE200D7F378 /* Firebase.swift */ = {isa = PBXFileReference; lastKnownFileType = sourcecode.swift; path = Firebase.swift; sourceTree = "<group>"; };
		15353FAF21BEA38900D7F378 /* Extentions.swift */ = {isa = PBXFileReference; lastKnownFileType = sourcecode.swift; path = Extentions.swift; sourceTree = "<group>"; };
		15353FB121BEDCF800D7F378 /* GoogleService-Info.plist */ = {isa = PBXFileReference; fileEncoding = 4; lastKnownFileType = text.plist.xml; name = "GoogleService-Info.plist"; path = "../../../../../Downloads/GoogleService-Info.plist"; sourceTree = "<group>"; };
		15353FB321BEE42500D7F378 /* User.swift */ = {isa = PBXFileReference; lastKnownFileType = sourcecode.swift; path = User.swift; sourceTree = "<group>"; };
		15353FB521BEE45700D7F378 /* Conversa.swift */ = {isa = PBXFileReference; lastKnownFileType = sourcecode.swift; path = Conversa.swift; sourceTree = "<group>"; };
		4B283459530A785AD25EE2CA /* Pods-ChaDas5UITests.debug.xcconfig */ = {isa = PBXFileReference; includeInIndex = 1; lastKnownFileType = text.xcconfig; name = "Pods-ChaDas5UITests.debug.xcconfig"; path = "Pods/Target Support Files/Pods-ChaDas5UITests/Pods-ChaDas5UITests.debug.xcconfig"; sourceTree = "<group>"; };
		5335FD44275DEDD5BB93BFA6 /* Pods_ChaDas5UITests.framework */ = {isa = PBXFileReference; explicitFileType = wrapper.framework; includeInIndex = 0; path = Pods_ChaDas5UITests.framework; sourceTree = BUILT_PRODUCTS_DIR; };
		96451FCF21AC79EF00C9C351 /* ChaDas5.app */ = {isa = PBXFileReference; explicitFileType = wrapper.application; includeInIndex = 0; path = ChaDas5.app; sourceTree = BUILT_PRODUCTS_DIR; };
		96451FD221AC79EF00C9C351 /* AppDelegate.swift */ = {isa = PBXFileReference; lastKnownFileType = sourcecode.swift; path = AppDelegate.swift; sourceTree = "<group>"; };
		96451FD421AC79EF00C9C351 /* ViewController.swift */ = {isa = PBXFileReference; lastKnownFileType = sourcecode.swift; path = ViewController.swift; sourceTree = "<group>"; };
		96451FD721AC79EF00C9C351 /* Base */ = {isa = PBXFileReference; lastKnownFileType = file.storyboard; name = Base; path = Base.lproj/Main.storyboard; sourceTree = "<group>"; };
		96451FD921AC79F000C9C351 /* Assets.xcassets */ = {isa = PBXFileReference; lastKnownFileType = folder.assetcatalog; path = Assets.xcassets; sourceTree = "<group>"; };
		96451FDC21AC79F000C9C351 /* Base */ = {isa = PBXFileReference; lastKnownFileType = file.storyboard; name = Base; path = Base.lproj/LaunchScreen.storyboard; sourceTree = "<group>"; };
		96451FDE21AC79F000C9C351 /* Info.plist */ = {isa = PBXFileReference; lastKnownFileType = text.plist.xml; path = Info.plist; sourceTree = "<group>"; };
		96451FE321AC79F000C9C351 /* ChaDas5UITests.xctest */ = {isa = PBXFileReference; explicitFileType = wrapper.cfbundle; includeInIndex = 0; path = ChaDas5UITests.xctest; sourceTree = BUILT_PRODUCTS_DIR; };
		96451FE721AC79F000C9C351 /* ChaDas5UITests.swift */ = {isa = PBXFileReference; lastKnownFileType = sourcecode.swift; path = ChaDas5UITests.swift; sourceTree = "<group>"; };
		96451FE921AC79F000C9C351 /* Info.plist */ = {isa = PBXFileReference; lastKnownFileType = text.plist.xml; path = Info.plist; sourceTree = "<group>"; };
		A680EBC3C84C215D6A7FD583 /* Pods-ChaDas5.release.xcconfig */ = {isa = PBXFileReference; includeInIndex = 1; lastKnownFileType = text.xcconfig; name = "Pods-ChaDas5.release.xcconfig"; path = "Pods/Target Support Files/Pods-ChaDas5/Pods-ChaDas5.release.xcconfig"; sourceTree = "<group>"; };
		AD452F5712E912BC909FFC57 /* Pods-ChaDas5.debug.xcconfig */ = {isa = PBXFileReference; includeInIndex = 1; lastKnownFileType = text.xcconfig; name = "Pods-ChaDas5.debug.xcconfig"; path = "Pods/Target Support Files/Pods-ChaDas5/Pods-ChaDas5.debug.xcconfig"; sourceTree = "<group>"; };
		EEAAA7FC857C7B8EBF528C2A /* Pods_ChaDas5.framework */ = {isa = PBXFileReference; explicitFileType = wrapper.framework; includeInIndex = 0; path = Pods_ChaDas5.framework; sourceTree = BUILT_PRODUCTS_DIR; };
		FBC5AEC9CC86B8E6D64C4994 /* Pods-ChaDas5UITests.release.xcconfig */ = {isa = PBXFileReference; includeInIndex = 1; lastKnownFileType = text.xcconfig; name = "Pods-ChaDas5UITests.release.xcconfig"; path = "Pods/Target Support Files/Pods-ChaDas5UITests/Pods-ChaDas5UITests.release.xcconfig"; sourceTree = "<group>"; };
/* End PBXFileReference section */

/* Begin PBXFrameworksBuildPhase section */
		96451FCC21AC79EF00C9C351 /* Frameworks */ = {
			isa = PBXFrameworksBuildPhase;
			buildActionMask = 2147483647;
			files = (
				97435019DCF66111CD5571BD /* Pods_ChaDas5.framework in Frameworks */,
			);
			runOnlyForDeploymentPostprocessing = 0;
		};
		96451FE021AC79F000C9C351 /* Frameworks */ = {
			isa = PBXFrameworksBuildPhase;
			buildActionMask = 2147483647;
			files = (
				1F07AEE7DD3EF00918AD7918 /* Pods_ChaDas5UITests.framework in Frameworks */,
			);
			runOnlyForDeploymentPostprocessing = 0;
		};
/* End PBXFrameworksBuildPhase section */

/* Begin PBXGroup section */
		15353FA521B98FCA00D7F378 /* Supporting Files */ = {
			isa = PBXGroup;
			children = (
				15353FB121BEDCF800D7F378 /* GoogleService-Info.plist */,
				96451FDE21AC79F000C9C351 /* Info.plist */,
				96451FD921AC79F000C9C351 /* Assets.xcassets */,
			);
			path = "Supporting Files";
			sourceTree = "<group>";
		};
		15353FA821B9BF4900D7F378 /* View Controllers */ = {
			isa = PBXGroup;
			children = (
				96451FD421AC79EF00C9C351 /* ViewController.swift */,
			);
			path = "View Controllers";
			sourceTree = "<group>";
		};
		15353FA921B9E41B00D7F378 /* Model */ = {
			isa = PBXGroup;
			children = (
				15353FAC21BE9FC200D7F378 /* DataAccess */,
				15353FB521BEE45700D7F378 /* Conversa.swift */,
				15353FAA21B9E42F00D7F378 /* Relato.swift */,
				15353FB321BEE42500D7F378 /* User.swift */,
				15353FAF21BEA38900D7F378 /* Extentions.swift */,
			);
			path = Model;
			sourceTree = "<group>";
		};
		15353FAC21BE9FC200D7F378 /* DataAccess */ = {
			isa = PBXGroup;
			children = (
				15353FAD21BE9FE200D7F378 /* Firebase.swift */,
			);
			path = DataAccess;
			sourceTree = "<group>";
		};
		2ADCD01B814CB98083962680 /* Frameworks */ = {
			isa = PBXGroup;
			children = (
				EEAAA7FC857C7B8EBF528C2A /* Pods_ChaDas5.framework */,
				5335FD44275DEDD5BB93BFA6 /* Pods_ChaDas5UITests.framework */,
			);
			name = Frameworks;
			sourceTree = "<group>";
		};
		96451FC621AC79EF00C9C351 = {
			isa = PBXGroup;
			children = (
				96451FD121AC79EF00C9C351 /* ChaDas5 */,
				96451FE621AC79F000C9C351 /* ChaDas5UITests */,
				96451FD021AC79EF00C9C351 /* Products */,
				DAA634600F9953C2514F1750 /* Pods */,
				2ADCD01B814CB98083962680 /* Frameworks */,
			);
			sourceTree = "<group>";
		};
		96451FD021AC79EF00C9C351 /* Products */ = {
			isa = PBXGroup;
			children = (
				96451FCF21AC79EF00C9C351 /* ChaDas5.app */,
				96451FE321AC79F000C9C351 /* ChaDas5UITests.xctest */,
			);
			name = Products;
			sourceTree = "<group>";
		};
		96451FD121AC79EF00C9C351 /* ChaDas5 */ = {
			isa = PBXGroup;
			children = (
				15353FA921B9E41B00D7F378 /* Model */,
				96451FF321AC79FC00C9C351 /* Controller */,
				15353FA821B9BF4900D7F378 /* View Controllers */,
				96451FF421AC7A0300C9C351 /* View */,
				15353FA521B98FCA00D7F378 /* Supporting Files */,
			);
			path = ChaDas5;
			sourceTree = "<group>";
		};
		96451FE621AC79F000C9C351 /* ChaDas5UITests */ = {
			isa = PBXGroup;
			children = (
				96451FE721AC79F000C9C351 /* ChaDas5UITests.swift */,
				96451FE921AC79F000C9C351 /* Info.plist */,
			);
			path = ChaDas5UITests;
			sourceTree = "<group>";
		};
		96451FF321AC79FC00C9C351 /* Controller */ = {
			isa = PBXGroup;
			children = (
				96451FD221AC79EF00C9C351 /* AppDelegate.swift */,
			);
			path = Controller;
			sourceTree = "<group>";
		};
		96451FF421AC7A0300C9C351 /* View */ = {
			isa = PBXGroup;
			children = (
				96451FD621AC79EF00C9C351 /* Main.storyboard */,
				96451FDB21AC79F000C9C351 /* LaunchScreen.storyboard */,
			);
			path = View;
			sourceTree = "<group>";
		};
		DAA634600F9953C2514F1750 /* Pods */ = {
			isa = PBXGroup;
			children = (
				AD452F5712E912BC909FFC57 /* Pods-ChaDas5.debug.xcconfig */,
				A680EBC3C84C215D6A7FD583 /* Pods-ChaDas5.release.xcconfig */,
				4B283459530A785AD25EE2CA /* Pods-ChaDas5UITests.debug.xcconfig */,
				FBC5AEC9CC86B8E6D64C4994 /* Pods-ChaDas5UITests.release.xcconfig */,
			);
			name = Pods;
			sourceTree = "<group>";
		};
/* End PBXGroup section */

/* Begin PBXNativeTarget section */
		96451FCE21AC79EF00C9C351 /* ChaDas5 */ = {
			isa = PBXNativeTarget;
			buildConfigurationList = 96451FEC21AC79F000C9C351 /* Build configuration list for PBXNativeTarget "ChaDas5" */;
			buildPhases = (
				D67FB55ED59CDF0D96D3690C /* [CP] Check Pods Manifest.lock */,
				96451FCB21AC79EF00C9C351 /* Sources */,
				96451FCC21AC79EF00C9C351 /* Frameworks */,
				96451FCD21AC79EF00C9C351 /* Resources */,
				4E1075146DBB094A4911C033 /* [CP] Embed Pods Frameworks */,
			);
			buildRules = (
			);
			dependencies = (
			);
			name = ChaDas5;
			productName = ChaDas5;
			productReference = 96451FCF21AC79EF00C9C351 /* ChaDas5.app */;
			productType = "com.apple.product-type.application";
		};
		96451FE221AC79F000C9C351 /* ChaDas5UITests */ = {
			isa = PBXNativeTarget;
			buildConfigurationList = 96451FEF21AC79F000C9C351 /* Build configuration list for PBXNativeTarget "ChaDas5UITests" */;
			buildPhases = (
				A66F24EC4FA6AF601E75B544 /* [CP] Check Pods Manifest.lock */,
				96451FDF21AC79F000C9C351 /* Sources */,
				96451FE021AC79F000C9C351 /* Frameworks */,
				96451FE121AC79F000C9C351 /* Resources */,
			);
			buildRules = (
			);
			dependencies = (
				96451FE521AC79F000C9C351 /* PBXTargetDependency */,
			);
			name = ChaDas5UITests;
			productName = ChaDas5UITests;
			productReference = 96451FE321AC79F000C9C351 /* ChaDas5UITests.xctest */;
			productType = "com.apple.product-type.bundle.ui-testing";
		};
/* End PBXNativeTarget section */

/* Begin PBXProject section */
		96451FC721AC79EF00C9C351 /* Project object */ = {
			isa = PBXProject;
			attributes = {
				LastSwiftUpdateCheck = 1010;
				LastUpgradeCheck = 1010;
				ORGANIZATIONNAME = "Julia Maria Santos";
				TargetAttributes = {
					96451FCE21AC79EF00C9C351 = {
						CreatedOnToolsVersion = 10.1;
					};
					96451FE221AC79F000C9C351 = {
						CreatedOnToolsVersion = 10.1;
						TestTargetID = 96451FCE21AC79EF00C9C351;
					};
				};
			};
			buildConfigurationList = 96451FCA21AC79EF00C9C351 /* Build configuration list for PBXProject "ChaDas5" */;
			compatibilityVersion = "Xcode 9.3";
			developmentRegion = en;
			hasScannedForEncodings = 0;
			knownRegions = (
				en,
				Base,
			);
			mainGroup = 96451FC621AC79EF00C9C351;
			productRefGroup = 96451FD021AC79EF00C9C351 /* Products */;
			projectDirPath = "";
			projectRoot = "";
			targets = (
				96451FCE21AC79EF00C9C351 /* ChaDas5 */,
				96451FE221AC79F000C9C351 /* ChaDas5UITests */,
			);
		};
/* End PBXProject section */

/* Begin PBXResourcesBuildPhase section */
		96451FCD21AC79EF00C9C351 /* Resources */ = {
			isa = PBXResourcesBuildPhase;
			buildActionMask = 2147483647;
			files = (
				96451FDD21AC79F000C9C351 /* LaunchScreen.storyboard in Resources */,
				15353FB221BEDCF800D7F378 /* GoogleService-Info.plist in Resources */,
				96451FDA21AC79F000C9C351 /* Assets.xcassets in Resources */,
				96451FD821AC79EF00C9C351 /* Main.storyboard in Resources */,
			);
			runOnlyForDeploymentPostprocessing = 0;
		};
		96451FE121AC79F000C9C351 /* Resources */ = {
			isa = PBXResourcesBuildPhase;
			buildActionMask = 2147483647;
			files = (
			);
			runOnlyForDeploymentPostprocessing = 0;
		};
/* End PBXResourcesBuildPhase section */

/* Begin PBXShellScriptBuildPhase section */
		4E1075146DBB094A4911C033 /* [CP] Embed Pods Frameworks */ = {
			isa = PBXShellScriptBuildPhase;
			buildActionMask = 2147483647;
			files = (
			);
			inputFileListPaths = (
			);
			inputPaths = (
				"${SRCROOT}/Pods/Target Support Files/Pods-ChaDas5/Pods-ChaDas5-frameworks.sh",
				"${BUILT_PRODUCTS_DIR}/BoringSSL/openssl.framework",
				"${BUILT_PRODUCTS_DIR}/GTMSessionFetcher/GTMSessionFetcher.framework",
				"${BUILT_PRODUCTS_DIR}/GoogleUtilities/GoogleUtilities.framework",
				"${BUILT_PRODUCTS_DIR}/MessageKit/MessageKit.framework",
				"${BUILT_PRODUCTS_DIR}/Protobuf/Protobuf.framework",
				"${BUILT_PRODUCTS_DIR}/gRPC/GRPCClient.framework",
				"${BUILT_PRODUCTS_DIR}/gRPC-C++/grpcpp.framework",
				"${BUILT_PRODUCTS_DIR}/gRPC-Core/grpc.framework",
				"${BUILT_PRODUCTS_DIR}/gRPC-ProtoRPC/ProtoRPC.framework",
				"${BUILT_PRODUCTS_DIR}/gRPC-RxLibrary/RxLibrary.framework",
				"${BUILT_PRODUCTS_DIR}/leveldb-library/leveldb.framework",
				"${BUILT_PRODUCTS_DIR}/nanopb/nanopb.framework",
			);
			name = "[CP] Embed Pods Frameworks";
			outputFileListPaths = (
			);
			outputPaths = (
				"${TARGET_BUILD_DIR}/${FRAMEWORKS_FOLDER_PATH}/openssl.framework",
				"${TARGET_BUILD_DIR}/${FRAMEWORKS_FOLDER_PATH}/GTMSessionFetcher.framework",
				"${TARGET_BUILD_DIR}/${FRAMEWORKS_FOLDER_PATH}/GoogleUtilities.framework",
				"${TARGET_BUILD_DIR}/${FRAMEWORKS_FOLDER_PATH}/MessageKit.framework",
				"${TARGET_BUILD_DIR}/${FRAMEWORKS_FOLDER_PATH}/Protobuf.framework",
				"${TARGET_BUILD_DIR}/${FRAMEWORKS_FOLDER_PATH}/GRPCClient.framework",
				"${TARGET_BUILD_DIR}/${FRAMEWORKS_FOLDER_PATH}/grpcpp.framework",
				"${TARGET_BUILD_DIR}/${FRAMEWORKS_FOLDER_PATH}/grpc.framework",
				"${TARGET_BUILD_DIR}/${FRAMEWORKS_FOLDER_PATH}/ProtoRPC.framework",
				"${TARGET_BUILD_DIR}/${FRAMEWORKS_FOLDER_PATH}/RxLibrary.framework",
				"${TARGET_BUILD_DIR}/${FRAMEWORKS_FOLDER_PATH}/leveldb.framework",
				"${TARGET_BUILD_DIR}/${FRAMEWORKS_FOLDER_PATH}/nanopb.framework",
			);
			runOnlyForDeploymentPostprocessing = 0;
			shellPath = /bin/sh;
			shellScript = "\"${SRCROOT}/Pods/Target Support Files/Pods-ChaDas5/Pods-ChaDas5-frameworks.sh\"\n";
			showEnvVarsInLog = 0;
		};
		A66F24EC4FA6AF601E75B544 /* [CP] Check Pods Manifest.lock */ = {
			isa = PBXShellScriptBuildPhase;
			buildActionMask = 2147483647;
			files = (
			);
			inputFileListPaths = (
			);
			inputPaths = (
				"${PODS_PODFILE_DIR_PATH}/Podfile.lock",
				"${PODS_ROOT}/Manifest.lock",
			);
			name = "[CP] Check Pods Manifest.lock";
			outputFileListPaths = (
			);
			outputPaths = (
				"$(DERIVED_FILE_DIR)/Pods-ChaDas5UITests-checkManifestLockResult.txt",
			);
			runOnlyForDeploymentPostprocessing = 0;
			shellPath = /bin/sh;
			shellScript = "diff \"${PODS_PODFILE_DIR_PATH}/Podfile.lock\" \"${PODS_ROOT}/Manifest.lock\" > /dev/null\nif [ $? != 0 ] ; then\n    # print error to STDERR\n    echo \"error: The sandbox is not in sync with the Podfile.lock. Run 'pod install' or update your CocoaPods installation.\" >&2\n    exit 1\nfi\n# This output is used by Xcode 'outputs' to avoid re-running this script phase.\necho \"SUCCESS\" > \"${SCRIPT_OUTPUT_FILE_0}\"\n";
			showEnvVarsInLog = 0;
		};
		D67FB55ED59CDF0D96D3690C /* [CP] Check Pods Manifest.lock */ = {
			isa = PBXShellScriptBuildPhase;
			buildActionMask = 2147483647;
			files = (
			);
			inputFileListPaths = (
			);
			inputPaths = (
				"${PODS_PODFILE_DIR_PATH}/Podfile.lock",
				"${PODS_ROOT}/Manifest.lock",
			);
			name = "[CP] Check Pods Manifest.lock";
			outputFileListPaths = (
			);
			outputPaths = (
				"$(DERIVED_FILE_DIR)/Pods-ChaDas5-checkManifestLockResult.txt",
			);
			runOnlyForDeploymentPostprocessing = 0;
			shellPath = /bin/sh;
			shellScript = "diff \"${PODS_PODFILE_DIR_PATH}/Podfile.lock\" \"${PODS_ROOT}/Manifest.lock\" > /dev/null\nif [ $? != 0 ] ; then\n    # print error to STDERR\n    echo \"error: The sandbox is not in sync with the Podfile.lock. Run 'pod install' or update your CocoaPods installation.\" >&2\n    exit 1\nfi\n# This output is used by Xcode 'outputs' to avoid re-running this script phase.\necho \"SUCCESS\" > \"${SCRIPT_OUTPUT_FILE_0}\"\n";
			showEnvVarsInLog = 0;
		};
/* End PBXShellScriptBuildPhase section */

/* Begin PBXSourcesBuildPhase section */
		96451FCB21AC79EF00C9C351 /* Sources */ = {
			isa = PBXSourcesBuildPhase;
			buildActionMask = 2147483647;
			files = (
				15353FAB21B9E42F00D7F378 /* Relato.swift in Sources */,
				15353FB621BEE45700D7F378 /* Conversa.swift in Sources */,
				96451FD521AC79EF00C9C351 /* ViewController.swift in Sources */,
				15353FB421BEE42500D7F378 /* User.swift in Sources */,
				15353FB021BEA38900D7F378 /* Extentions.swift in Sources */,
				15353FAE21BE9FE200D7F378 /* Firebase.swift in Sources */,
				96451FD321AC79EF00C9C351 /* AppDelegate.swift in Sources */,
			);
			runOnlyForDeploymentPostprocessing = 0;
		};
		96451FDF21AC79F000C9C351 /* Sources */ = {
			isa = PBXSourcesBuildPhase;
			buildActionMask = 2147483647;
			files = (
				96451FE821AC79F000C9C351 /* ChaDas5UITests.swift in Sources */,
			);
			runOnlyForDeploymentPostprocessing = 0;
		};
/* End PBXSourcesBuildPhase section */

/* Begin PBXTargetDependency section */
		96451FE521AC79F000C9C351 /* PBXTargetDependency */ = {
			isa = PBXTargetDependency;
			target = 96451FCE21AC79EF00C9C351 /* ChaDas5 */;
			targetProxy = 96451FE421AC79F000C9C351 /* PBXContainerItemProxy */;
		};
/* End PBXTargetDependency section */

/* Begin PBXVariantGroup section */
		96451FD621AC79EF00C9C351 /* Main.storyboard */ = {
			isa = PBXVariantGroup;
			children = (
				96451FD721AC79EF00C9C351 /* Base */,
			);
			name = Main.storyboard;
			sourceTree = "<group>";
		};
		96451FDB21AC79F000C9C351 /* LaunchScreen.storyboard */ = {
			isa = PBXVariantGroup;
			children = (
				96451FDC21AC79F000C9C351 /* Base */,
			);
			name = LaunchScreen.storyboard;
			sourceTree = "<group>";
		};
/* End PBXVariantGroup section */

/* Begin XCBuildConfiguration section */
		96451FEA21AC79F000C9C351 /* Debug */ = {
			isa = XCBuildConfiguration;
			buildSettings = {
				ALWAYS_SEARCH_USER_PATHS = NO;
				CLANG_ANALYZER_NONNULL = YES;
				CLANG_ANALYZER_NUMBER_OBJECT_CONVERSION = YES_AGGRESSIVE;
				CLANG_CXX_LANGUAGE_STANDARD = "gnu++14";
				CLANG_CXX_LIBRARY = "libc++";
				CLANG_ENABLE_MODULES = YES;
				CLANG_ENABLE_OBJC_ARC = YES;
				CLANG_ENABLE_OBJC_WEAK = YES;
				CLANG_WARN_BLOCK_CAPTURE_AUTORELEASING = YES;
				CLANG_WARN_BOOL_CONVERSION = YES;
				CLANG_WARN_COMMA = YES;
				CLANG_WARN_CONSTANT_CONVERSION = YES;
				CLANG_WARN_DEPRECATED_OBJC_IMPLEMENTATIONS = YES;
				CLANG_WARN_DIRECT_OBJC_ISA_USAGE = YES_ERROR;
				CLANG_WARN_DOCUMENTATION_COMMENTS = YES;
				CLANG_WARN_EMPTY_BODY = YES;
				CLANG_WARN_ENUM_CONVERSION = YES;
				CLANG_WARN_INFINITE_RECURSION = YES;
				CLANG_WARN_INT_CONVERSION = YES;
				CLANG_WARN_NON_LITERAL_NULL_CONVERSION = YES;
				CLANG_WARN_OBJC_IMPLICIT_RETAIN_SELF = YES;
				CLANG_WARN_OBJC_LITERAL_CONVERSION = YES;
				CLANG_WARN_OBJC_ROOT_CLASS = YES_ERROR;
				CLANG_WARN_RANGE_LOOP_ANALYSIS = YES;
				CLANG_WARN_STRICT_PROTOTYPES = YES;
				CLANG_WARN_SUSPICIOUS_MOVE = YES;
				CLANG_WARN_UNGUARDED_AVAILABILITY = YES_AGGRESSIVE;
				CLANG_WARN_UNREACHABLE_CODE = YES;
				CLANG_WARN__DUPLICATE_METHOD_MATCH = YES;
				CODE_SIGN_IDENTITY = "iPhone Developer";
				COPY_PHASE_STRIP = NO;
				DEBUG_INFORMATION_FORMAT = dwarf;
				ENABLE_STRICT_OBJC_MSGSEND = YES;
				ENABLE_TESTABILITY = YES;
				GCC_C_LANGUAGE_STANDARD = gnu11;
				GCC_DYNAMIC_NO_PIC = NO;
				GCC_NO_COMMON_BLOCKS = YES;
				GCC_OPTIMIZATION_LEVEL = 0;
				GCC_PREPROCESSOR_DEFINITIONS = (
					"DEBUG=1",
					"$(inherited)",
				);
				GCC_WARN_64_TO_32_BIT_CONVERSION = YES;
				GCC_WARN_ABOUT_RETURN_TYPE = YES_ERROR;
				GCC_WARN_UNDECLARED_SELECTOR = YES;
				GCC_WARN_UNINITIALIZED_AUTOS = YES_AGGRESSIVE;
				GCC_WARN_UNUSED_FUNCTION = YES;
				GCC_WARN_UNUSED_VARIABLE = YES;
				IPHONEOS_DEPLOYMENT_TARGET = 12.1;
				MTL_ENABLE_DEBUG_INFO = INCLUDE_SOURCE;
				MTL_FAST_MATH = YES;
				ONLY_ACTIVE_ARCH = YES;
				SDKROOT = iphoneos;
				SWIFT_ACTIVE_COMPILATION_CONDITIONS = DEBUG;
				SWIFT_OPTIMIZATION_LEVEL = "-Onone";
			};
			name = Debug;
		};
		96451FEB21AC79F000C9C351 /* Release */ = {
			isa = XCBuildConfiguration;
			buildSettings = {
				ALWAYS_SEARCH_USER_PATHS = NO;
				CLANG_ANALYZER_NONNULL = YES;
				CLANG_ANALYZER_NUMBER_OBJECT_CONVERSION = YES_AGGRESSIVE;
				CLANG_CXX_LANGUAGE_STANDARD = "gnu++14";
				CLANG_CXX_LIBRARY = "libc++";
				CLANG_ENABLE_MODULES = YES;
				CLANG_ENABLE_OBJC_ARC = YES;
				CLANG_ENABLE_OBJC_WEAK = YES;
				CLANG_WARN_BLOCK_CAPTURE_AUTORELEASING = YES;
				CLANG_WARN_BOOL_CONVERSION = YES;
				CLANG_WARN_COMMA = YES;
				CLANG_WARN_CONSTANT_CONVERSION = YES;
				CLANG_WARN_DEPRECATED_OBJC_IMPLEMENTATIONS = YES;
				CLANG_WARN_DIRECT_OBJC_ISA_USAGE = YES_ERROR;
				CLANG_WARN_DOCUMENTATION_COMMENTS = YES;
				CLANG_WARN_EMPTY_BODY = YES;
				CLANG_WARN_ENUM_CONVERSION = YES;
				CLANG_WARN_INFINITE_RECURSION = YES;
				CLANG_WARN_INT_CONVERSION = YES;
				CLANG_WARN_NON_LITERAL_NULL_CONVERSION = YES;
				CLANG_WARN_OBJC_IMPLICIT_RETAIN_SELF = YES;
				CLANG_WARN_OBJC_LITERAL_CONVERSION = YES;
				CLANG_WARN_OBJC_ROOT_CLASS = YES_ERROR;
				CLANG_WARN_RANGE_LOOP_ANALYSIS = YES;
				CLANG_WARN_STRICT_PROTOTYPES = YES;
				CLANG_WARN_SUSPICIOUS_MOVE = YES;
				CLANG_WARN_UNGUARDED_AVAILABILITY = YES_AGGRESSIVE;
				CLANG_WARN_UNREACHABLE_CODE = YES;
				CLANG_WARN__DUPLICATE_METHOD_MATCH = YES;
				CODE_SIGN_IDENTITY = "iPhone Developer";
				COPY_PHASE_STRIP = NO;
				DEBUG_INFORMATION_FORMAT = "dwarf-with-dsym";
				ENABLE_NS_ASSERTIONS = NO;
				ENABLE_STRICT_OBJC_MSGSEND = YES;
				GCC_C_LANGUAGE_STANDARD = gnu11;
				GCC_NO_COMMON_BLOCKS = YES;
				GCC_WARN_64_TO_32_BIT_CONVERSION = YES;
				GCC_WARN_ABOUT_RETURN_TYPE = YES_ERROR;
				GCC_WARN_UNDECLARED_SELECTOR = YES;
				GCC_WARN_UNINITIALIZED_AUTOS = YES_AGGRESSIVE;
				GCC_WARN_UNUSED_FUNCTION = YES;
				GCC_WARN_UNUSED_VARIABLE = YES;
				IPHONEOS_DEPLOYMENT_TARGET = 12.1;
				MTL_ENABLE_DEBUG_INFO = NO;
				MTL_FAST_MATH = YES;
				SDKROOT = iphoneos;
				SWIFT_COMPILATION_MODE = wholemodule;
				SWIFT_OPTIMIZATION_LEVEL = "-O";
				VALIDATE_PRODUCT = YES;
			};
			name = Release;
		};
		96451FED21AC79F000C9C351 /* Debug */ = {
			isa = XCBuildConfiguration;
			baseConfigurationReference = AD452F5712E912BC909FFC57 /* Pods-ChaDas5.debug.xcconfig */;
			buildSettings = {
				ASSETCATALOG_COMPILER_APPICON_NAME = AppIcon;
				CODE_SIGN_STYLE = Automatic;
				DEVELOPMENT_TEAM = 32H23754C8;
				INFOPLIST_FILE = "$(SRCROOT)/ChaDas5/Supporting Files/Info.plist";
				LD_RUNPATH_SEARCH_PATHS = (
					"$(inherited)",
					"@executable_path/Frameworks",
				);
				PRODUCT_BUNDLE_IDENTIFIER = appledeveloperacademy.Chadas5;
				PRODUCT_NAME = "$(TARGET_NAME)";
				SWIFT_VERSION = 4.2;
				TARGETED_DEVICE_FAMILY = "1,2";
			};
			name = Debug;
		};
		96451FEE21AC79F000C9C351 /* Release */ = {
			isa = XCBuildConfiguration;
			baseConfigurationReference = A680EBC3C84C215D6A7FD583 /* Pods-ChaDas5.release.xcconfig */;
			buildSettings = {
				ASSETCATALOG_COMPILER_APPICON_NAME = AppIcon;
				CODE_SIGN_STYLE = Automatic;
				DEVELOPMENT_TEAM = 32H23754C8;
				INFOPLIST_FILE = "$(SRCROOT)/ChaDas5/Supporting Files/Info.plist";
				LD_RUNPATH_SEARCH_PATHS = (
					"$(inherited)",
					"@executable_path/Frameworks",
				);
				PRODUCT_BUNDLE_IDENTIFIER = appledeveloperacademy.Chadas5;
				PRODUCT_NAME = "$(TARGET_NAME)";
				SWIFT_VERSION = 4.2;
				TARGETED_DEVICE_FAMILY = "1,2";
			};
			name = Release;
		};
		96451FF021AC79F000C9C351 /* Debug */ = {
			isa = XCBuildConfiguration;
			baseConfigurationReference = 4B283459530A785AD25EE2CA /* Pods-ChaDas5UITests.debug.xcconfig */;
			buildSettings = {
				ALWAYS_EMBED_SWIFT_STANDARD_LIBRARIES = YES;
				CODE_SIGN_STYLE = Automatic;
				DEVELOPMENT_TEAM = 98PH68S7E9;
				INFOPLIST_FILE = ChaDas5UITests/Info.plist;
				LD_RUNPATH_SEARCH_PATHS = (
					"$(inherited)",
					"@executable_path/Frameworks",
					"@loader_path/Frameworks",
				);
				PRODUCT_BUNDLE_IDENTIFIER = com.julia.ChaDas5UITests;
				PRODUCT_NAME = "$(TARGET_NAME)";
				SWIFT_VERSION = 4.2;
				TARGETED_DEVICE_FAMILY = "1,2";
				TEST_TARGET_NAME = ChaDas5;
			};
			name = Debug;
		};
		96451FF121AC79F000C9C351 /* Release */ = {
			isa = XCBuildConfiguration;
			baseConfigurationReference = FBC5AEC9CC86B8E6D64C4994 /* Pods-ChaDas5UITests.release.xcconfig */;
			buildSettings = {
				ALWAYS_EMBED_SWIFT_STANDARD_LIBRARIES = YES;
				CODE_SIGN_STYLE = Automatic;
				DEVELOPMENT_TEAM = 98PH68S7E9;
				INFOPLIST_FILE = ChaDas5UITests/Info.plist;
				LD_RUNPATH_SEARCH_PATHS = (
					"$(inherited)",
					"@executable_path/Frameworks",
					"@loader_path/Frameworks",
				);
				PRODUCT_BUNDLE_IDENTIFIER = com.julia.ChaDas5UITests;
				PRODUCT_NAME = "$(TARGET_NAME)";
				SWIFT_VERSION = 4.2;
				TARGETED_DEVICE_FAMILY = "1,2";
				TEST_TARGET_NAME = ChaDas5;
			};
			name = Release;
		};
/* End XCBuildConfiguration section */

/* Begin XCConfigurationList section */
		96451FCA21AC79EF00C9C351 /* Build configuration list for PBXProject "ChaDas5" */ = {
			isa = XCConfigurationList;
			buildConfigurations = (
				96451FEA21AC79F000C9C351 /* Debug */,
				96451FEB21AC79F000C9C351 /* Release */,
			);
			defaultConfigurationIsVisible = 0;
			defaultConfigurationName = Release;
		};
		96451FEC21AC79F000C9C351 /* Build configuration list for PBXNativeTarget "ChaDas5" */ = {
			isa = XCConfigurationList;
			buildConfigurations = (
				96451FED21AC79F000C9C351 /* Debug */,
				96451FEE21AC79F000C9C351 /* Release */,
			);
			defaultConfigurationIsVisible = 0;
			defaultConfigurationName = Release;
		};
		96451FEF21AC79F000C9C351 /* Build configuration list for PBXNativeTarget "ChaDas5UITests" */ = {
			isa = XCConfigurationList;
			buildConfigurations = (
				96451FF021AC79F000C9C351 /* Debug */,
				96451FF121AC79F000C9C351 /* Release */,
			);
			defaultConfigurationIsVisible = 0;
			defaultConfigurationName = Release;
		};
/* End XCConfigurationList section */
	};
	rootObject = 96451FC721AC79EF00C9C351 /* Project object */;
}
