// !$*UTF8*$!
{
	archiveVersion = 1;
	classes = {
	};
	objectVersion = 50;
	objects = {

/* Begin PBXBuildFile section */
		96451FD321AC79EF00C9C351 /* AppDelegate.swift in Sources */ = {isa = PBXBuildFile; fileRef = 96451FD221AC79EF00C9C351 /* AppDelegate.swift */; };
		96451FD521AC79EF00C9C351 /* ViewController.swift in Sources */ = {isa = PBXBuildFile; fileRef = 96451FD421AC79EF00C9C351 /* ViewController.swift */; };
		96451FD821AC79EF00C9C351 /* Main.storyboard in Resources */ = {isa = PBXBuildFile; fileRef = 96451FD621AC79EF00C9C351 /* Main.storyboard */; };
		96451FDA21AC79F000C9C351 /* Assets.xcassets in Resources */ = {isa = PBXBuildFile; fileRef = 96451FD921AC79F000C9C351 /* Assets.xcassets */; };
		96451FDD21AC79F000C9C351 /* LaunchScreen.storyboard in Resources */ = {isa = PBXBuildFile; fileRef = 96451FDB21AC79F000C9C351 /* LaunchScreen.storyboard */; };
		96451FE821AC79F000C9C351 /* ChaDas5UITests.swift in Sources */ = {isa = PBXBuildFile; fileRef = 96451FE721AC79F000C9C351 /* ChaDas5UITests.swift */; };
		9A4E542021AEC8C30033FEBF /* CreateNewAccount.storyboard in Resources */ = {isa = PBXBuildFile; fileRef = 9A4E541F21AEC8C30033FEBF /* CreateNewAccount.storyboard */; };
		9A4E542521AF40790033FEBF /* Login.storyboard in Resources */ = {isa = PBXBuildFile; fileRef = 9A4E542421AF40790033FEBF /* Login.storyboard */; };
		9A4E542721AF43AF0033FEBF /* Profile.storyboard in Resources */ = {isa = PBXBuildFile; fileRef = 9A4E542621AF43AF0033FEBF /* Profile.storyboard */; };
		9A4E542921AF44FF0033FEBF /* Feed.storyboard in Resources */ = {isa = PBXBuildFile; fileRef = 9A4E542821AF44FF0033FEBF /* Feed.storyboard */; };
		9A4E542B21AF458A0033FEBF /* Messages.storyboard in Resources */ = {isa = PBXBuildFile; fileRef = 9A4E542A21AF458A0033FEBF /* Messages.storyboard */; };
		9A4E542D21AF46000033FEBF /* Informations.storyboard in Resources */ = {isa = PBXBuildFile; fileRef = 9A4E542C21AF46000033FEBF /* Informations.storyboard */; };
		9A4E542F21AF4B160033FEBF /* NewStoryScreen.storyboard in Resources */ = {isa = PBXBuildFile; fileRef = 9A4E542E21AF4B160033FEBF /* NewStoryScreen.storyboard */; };
		9A4E543121AF4C490033FEBF /* StoryScreen.storyboard in Resources */ = {isa = PBXBuildFile; fileRef = 9A4E543021AF4C490033FEBF /* StoryScreen.storyboard */; };
		9A4E543321B0065A0033FEBF /* CreateNewAccount.swift in Sources */ = {isa = PBXBuildFile; fileRef = 9A4E543221B0065A0033FEBF /* CreateNewAccount.swift */; };
		9A4E543521B0066F0033FEBF /* Login.swift in Sources */ = {isa = PBXBuildFile; fileRef = 9A4E543421B0066F0033FEBF /* Login.swift */; };
		9A4E543721B006870033FEBF /* Profile.swift in Sources */ = {isa = PBXBuildFile; fileRef = 9A4E543621B006870033FEBF /* Profile.swift */; };
		9A4E543921B0069B0033FEBF /* Feed.swift in Sources */ = {isa = PBXBuildFile; fileRef = 9A4E543821B0069B0033FEBF /* Feed.swift */; };
		9A4E543B21B006B30033FEBF /* Messages.swift in Sources */ = {isa = PBXBuildFile; fileRef = 9A4E543A21B006B30033FEBF /* Messages.swift */; };
		9A4E543D21B006CC0033FEBF /* Informations.swift in Sources */ = {isa = PBXBuildFile; fileRef = 9A4E543C21B006CB0033FEBF /* Informations.swift */; };
		9A4E543F21B006E60033FEBF /* NewStoryScreen.swift in Sources */ = {isa = PBXBuildFile; fileRef = 9A4E543E21B006E60033FEBF /* NewStoryScreen.swift */; };
		9A4E544121B0071F0033FEBF /* StoryScreen.swift in Sources */ = {isa = PBXBuildFile; fileRef = 9A4E544021B0071F0033FEBF /* StoryScreen.swift */; };
		9AFBE59E21B1D2D90050AE3E /* CustomSegmentedContrl.swift in Sources */ = {isa = PBXBuildFile; fileRef = 9AFBE59D21B1D2D90050AE3E /* CustomSegmentedContrl.swift */; };
		9AFBE5A021B1D35A0050AE3E /* ExampleViewController.swift in Sources */ = {isa = PBXBuildFile; fileRef = 9AFBE59F21B1D35A0050AE3E /* ExampleViewController.swift */; };
		9AFBE5A221B305630050AE3E /* ViewExtensions.swift in Sources */ = {isa = PBXBuildFile; fileRef = 9AFBE5A121B305630050AE3E /* ViewExtensions.swift */; };
/* End PBXBuildFile section */

/* Begin PBXContainerItemProxy section */
		96451FE421AC79F000C9C351 /* PBXContainerItemProxy */ = {
			isa = PBXContainerItemProxy;
			containerPortal = 96451FC721AC79EF00C9C351 /* Project object */;
			proxyType = 1;
			remoteGlobalIDString = 96451FCE21AC79EF00C9C351;
			remoteInfo = ChaDas5;
		};
/* End PBXContainerItemProxy section */

/* Begin PBXFileReference section */
		96451FCF21AC79EF00C9C351 /* ChaDas5.app */ = {isa = PBXFileReference; explicitFileType = wrapper.application; includeInIndex = 0; path = ChaDas5.app; sourceTree = BUILT_PRODUCTS_DIR; };
		96451FD221AC79EF00C9C351 /* AppDelegate.swift */ = {isa = PBXFileReference; lastKnownFileType = sourcecode.swift; path = AppDelegate.swift; sourceTree = "<group>"; };
		96451FD421AC79EF00C9C351 /* ViewController.swift */ = {isa = PBXFileReference; lastKnownFileType = sourcecode.swift; path = ViewController.swift; sourceTree = "<group>"; };
		96451FD721AC79EF00C9C351 /* Base */ = {isa = PBXFileReference; lastKnownFileType = file.storyboard; name = Base; path = Base.lproj/Main.storyboard; sourceTree = "<group>"; };
		96451FD921AC79F000C9C351 /* Assets.xcassets */ = {isa = PBXFileReference; lastKnownFileType = folder.assetcatalog; path = Assets.xcassets; sourceTree = "<group>"; };
		96451FDC21AC79F000C9C351 /* Base */ = {isa = PBXFileReference; lastKnownFileType = file.storyboard; name = Base; path = Base.lproj/LaunchScreen.storyboard; sourceTree = "<group>"; };
		96451FDE21AC79F000C9C351 /* Info.plist */ = {isa = PBXFileReference; lastKnownFileType = text.plist.xml; path = Info.plist; sourceTree = "<group>"; };
		96451FE321AC79F000C9C351 /* ChaDas5UITests.xctest */ = {isa = PBXFileReference; explicitFileType = wrapper.cfbundle; includeInIndex = 0; path = ChaDas5UITests.xctest; sourceTree = BUILT_PRODUCTS_DIR; };
		96451FE721AC79F000C9C351 /* ChaDas5UITests.swift */ = {isa = PBXFileReference; lastKnownFileType = sourcecode.swift; path = ChaDas5UITests.swift; sourceTree = "<group>"; };
		96451FE921AC79F000C9C351 /* Info.plist */ = {isa = PBXFileReference; lastKnownFileType = text.plist.xml; path = Info.plist; sourceTree = "<group>"; };
		9A4E541F21AEC8C30033FEBF /* CreateNewAccount.storyboard */ = {isa = PBXFileReference; lastKnownFileType = file.storyboard; path = CreateNewAccount.storyboard; sourceTree = "<group>"; };
		9A4E542421AF40790033FEBF /* Login.storyboard */ = {isa = PBXFileReference; lastKnownFileType = file.storyboard; path = Login.storyboard; sourceTree = "<group>"; };
		9A4E542621AF43AF0033FEBF /* Profile.storyboard */ = {isa = PBXFileReference; lastKnownFileType = file.storyboard; path = Profile.storyboard; sourceTree = "<group>"; };
		9A4E542821AF44FF0033FEBF /* Feed.storyboard */ = {isa = PBXFileReference; lastKnownFileType = file.storyboard; path = Feed.storyboard; sourceTree = "<group>"; };
		9A4E542A21AF458A0033FEBF /* Messages.storyboard */ = {isa = PBXFileReference; lastKnownFileType = file.storyboard; path = Messages.storyboard; sourceTree = "<group>"; };
		9A4E542C21AF46000033FEBF /* Informations.storyboard */ = {isa = PBXFileReference; lastKnownFileType = file.storyboard; path = Informations.storyboard; sourceTree = "<group>"; };
		9A4E542E21AF4B160033FEBF /* NewStoryScreen.storyboard */ = {isa = PBXFileReference; lastKnownFileType = file.storyboard; path = NewStoryScreen.storyboard; sourceTree = "<group>"; };
		9A4E543021AF4C490033FEBF /* StoryScreen.storyboard */ = {isa = PBXFileReference; lastKnownFileType = file.storyboard; path = StoryScreen.storyboard; sourceTree = "<group>"; };
		9A4E543221B0065A0033FEBF /* CreateNewAccount.swift */ = {isa = PBXFileReference; lastKnownFileType = sourcecode.swift; path = CreateNewAccount.swift; sourceTree = "<group>"; };
		9A4E543421B0066F0033FEBF /* Login.swift */ = {isa = PBXFileReference; lastKnownFileType = sourcecode.swift; path = Login.swift; sourceTree = "<group>"; };
		9A4E543621B006870033FEBF /* Profile.swift */ = {isa = PBXFileReference; lastKnownFileType = sourcecode.swift; path = Profile.swift; sourceTree = "<group>"; };
		9A4E543821B0069B0033FEBF /* Feed.swift */ = {isa = PBXFileReference; lastKnownFileType = sourcecode.swift; path = Feed.swift; sourceTree = "<group>"; };
		9A4E543A21B006B30033FEBF /* Messages.swift */ = {isa = PBXFileReference; lastKnownFileType = sourcecode.swift; path = Messages.swift; sourceTree = "<group>"; };
		9A4E543C21B006CB0033FEBF /* Informations.swift */ = {isa = PBXFileReference; lastKnownFileType = sourcecode.swift; path = Informations.swift; sourceTree = "<group>"; };
		9A4E543E21B006E60033FEBF /* NewStoryScreen.swift */ = {isa = PBXFileReference; lastKnownFileType = sourcecode.swift; path = NewStoryScreen.swift; sourceTree = "<group>"; };
		9A4E544021B0071F0033FEBF /* StoryScreen.swift */ = {isa = PBXFileReference; lastKnownFileType = sourcecode.swift; path = StoryScreen.swift; sourceTree = "<group>"; };
		9AFBE59D21B1D2D90050AE3E /* CustomSegmentedContrl.swift */ = {isa = PBXFileReference; fileEncoding = 4; lastKnownFileType = sourcecode.swift; path = CustomSegmentedContrl.swift; sourceTree = "<group>"; };
		9AFBE59F21B1D35A0050AE3E /* ExampleViewController.swift */ = {isa = PBXFileReference; lastKnownFileType = sourcecode.swift; path = ExampleViewController.swift; sourceTree = "<group>"; };
		9AFBE5A121B305630050AE3E /* ViewExtensions.swift */ = {isa = PBXFileReference; lastKnownFileType = sourcecode.swift; path = ViewExtensions.swift; sourceTree = "<group>"; };
/* End PBXFileReference section */

/* Begin PBXFrameworksBuildPhase section */
		96451FCC21AC79EF00C9C351 /* Frameworks */ = {
			isa = PBXFrameworksBuildPhase;
			buildActionMask = 2147483647;
			files = (
			);
			runOnlyForDeploymentPostprocessing = 0;
		};
		96451FE021AC79F000C9C351 /* Frameworks */ = {
			isa = PBXFrameworksBuildPhase;
			buildActionMask = 2147483647;
			files = (
			);
			runOnlyForDeploymentPostprocessing = 0;
		};
/* End PBXFrameworksBuildPhase section */

/* Begin PBXGroup section */
		96451FC621AC79EF00C9C351 = {
			isa = PBXGroup;
			children = (
				96451FD121AC79EF00C9C351 /* ChaDas5 */,
				96451FE621AC79F000C9C351 /* ChaDas5UITests */,
				96451FD021AC79EF00C9C351 /* Products */,
			);
			sourceTree = "<group>";
		};
		96451FD021AC79EF00C9C351 /* Products */ = {
			isa = PBXGroup;
			children = (
				96451FCF21AC79EF00C9C351 /* ChaDas5.app */,
				96451FE321AC79F000C9C351 /* ChaDas5UITests.xctest */,
			);
			name = Products;
			sourceTree = "<group>";
		};
		96451FD121AC79EF00C9C351 /* ChaDas5 */ = {
			isa = PBXGroup;
			children = (
				96451FF321AC79FC00C9C351 /* Controller */,
				96451FF421AC7A0300C9C351 /* View */,
				96451FD221AC79EF00C9C351 /* AppDelegate.swift */,
				96451FD921AC79F000C9C351 /* Assets.xcassets */,
				96451FDE21AC79F000C9C351 /* Info.plist */,
			);
			path = ChaDas5;
			sourceTree = "<group>";
		};
		96451FE621AC79F000C9C351 /* ChaDas5UITests */ = {
			isa = PBXGroup;
			children = (
				96451FE721AC79F000C9C351 /* ChaDas5UITests.swift */,
				96451FE921AC79F000C9C351 /* Info.plist */,
			);
			path = ChaDas5UITests;
			sourceTree = "<group>";
		};
		96451FF321AC79FC00C9C351 /* Controller */ = {
			isa = PBXGroup;
			children = (
				96451FD421AC79EF00C9C351 /* ViewController.swift */,
				9A4E543221B0065A0033FEBF /* CreateNewAccount.swift */,
				9A4E543421B0066F0033FEBF /* Login.swift */,
				9A4E543621B006870033FEBF /* Profile.swift */,
				9A4E543821B0069B0033FEBF /* Feed.swift */,
				9A4E543A21B006B30033FEBF /* Messages.swift */,
				9A4E543C21B006CB0033FEBF /* Informations.swift */,
				9A4E543E21B006E60033FEBF /* NewStoryScreen.swift */,
				9A4E544021B0071F0033FEBF /* StoryScreen.swift */,
				9AFBE59D21B1D2D90050AE3E /* CustomSegmentedContrl.swift */,
				9AFBE59F21B1D35A0050AE3E /* ExampleViewController.swift */,
			);
			path = Controller;
			sourceTree = "<group>";
		};
		96451FF421AC7A0300C9C351 /* View */ = {
			isa = PBXGroup;
			children = (
				96451FD621AC79EF00C9C351 /* Main.storyboard */,
				96451FDB21AC79F000C9C351 /* LaunchScreen.storyboard */,
				9A4E541F21AEC8C30033FEBF /* CreateNewAccount.storyboard */,
				9A4E542421AF40790033FEBF /* Login.storyboard */,
				9A4E542621AF43AF0033FEBF /* Profile.storyboard */,
				9A4E542821AF44FF0033FEBF /* Feed.storyboard */,
				9A4E542A21AF458A0033FEBF /* Messages.storyboard */,
				9A4E542C21AF46000033FEBF /* Informations.storyboard */,
				9A4E542E21AF4B160033FEBF /* NewStoryScreen.storyboard */,
				9A4E543021AF4C490033FEBF /* StoryScreen.storyboard */,
				9AFBE5A121B305630050AE3E /* ViewExtensions.swift */,
			);
			path = View;
			sourceTree = "<group>";
		};
/* End PBXGroup section */

/* Begin PBXNativeTarget section */
		96451FCE21AC79EF00C9C351 /* ChaDas5 */ = {
			isa = PBXNativeTarget;
			buildConfigurationList = 96451FEC21AC79F000C9C351 /* Build configuration list for PBXNativeTarget "ChaDas5" */;
			buildPhases = (
				96451FCB21AC79EF00C9C351 /* Sources */,
				96451FCC21AC79EF00C9C351 /* Frameworks */,
				96451FCD21AC79EF00C9C351 /* Resources */,
			);
			buildRules = (
			);
			dependencies = (
			);
			name = ChaDas5;
			productName = ChaDas5;
			productReference = 96451FCF21AC79EF00C9C351 /* ChaDas5.app */;
			productType = "com.apple.product-type.application";
		};
		96451FE221AC79F000C9C351 /* ChaDas5UITests */ = {
			isa = PBXNativeTarget;
			buildConfigurationList = 96451FEF21AC79F000C9C351 /* Build configuration list for PBXNativeTarget "ChaDas5UITests" */;
			buildPhases = (
				96451FDF21AC79F000C9C351 /* Sources */,
				96451FE021AC79F000C9C351 /* Frameworks */,
				96451FE121AC79F000C9C351 /* Resources */,
			);
			buildRules = (
			);
			dependencies = (
				96451FE521AC79F000C9C351 /* PBXTargetDependency */,
			);
			name = ChaDas5UITests;
			productName = ChaDas5UITests;
			productReference = 96451FE321AC79F000C9C351 /* ChaDas5UITests.xctest */;
			productType = "com.apple.product-type.bundle.ui-testing";
		};
/* End PBXNativeTarget section */

/* Begin PBXProject section */
		96451FC721AC79EF00C9C351 /* Project object */ = {
			isa = PBXProject;
			attributes = {
				LastSwiftUpdateCheck = 1010;
				LastUpgradeCheck = 1010;
				ORGANIZATIONNAME = "Julia Maria Santos";
				TargetAttributes = {
					96451FCE21AC79EF00C9C351 = {
						CreatedOnToolsVersion = 10.1;
					};
					96451FE221AC79F000C9C351 = {
						CreatedOnToolsVersion = 10.1;
						TestTargetID = 96451FCE21AC79EF00C9C351;
					};
				};
			};
			buildConfigurationList = 96451FCA21AC79EF00C9C351 /* Build configuration list for PBXProject "ChaDas5" */;
			compatibilityVersion = "Xcode 9.3";
			developmentRegion = en;
			hasScannedForEncodings = 0;
			knownRegions = (
				en,
				Base,
			);
			mainGroup = 96451FC621AC79EF00C9C351;
			productRefGroup = 96451FD021AC79EF00C9C351 /* Products */;
			projectDirPath = "";
			projectRoot = "";
			targets = (
				96451FCE21AC79EF00C9C351 /* ChaDas5 */,
				96451FE221AC79F000C9C351 /* ChaDas5UITests */,
			);
		};
/* End PBXProject section */

/* Begin PBXResourcesBuildPhase section */
		96451FCD21AC79EF00C9C351 /* Resources */ = {
			isa = PBXResourcesBuildPhase;
			buildActionMask = 2147483647;
			files = (
				9A4E542721AF43AF0033FEBF /* Profile.storyboard in Resources */,
				9A4E543121AF4C490033FEBF /* StoryScreen.storyboard in Resources */,
				9A4E542921AF44FF0033FEBF /* Feed.storyboard in Resources */,
				9A4E542D21AF46000033FEBF /* Informations.storyboard in Resources */,
				9A4E542B21AF458A0033FEBF /* Messages.storyboard in Resources */,
				96451FDD21AC79F000C9C351 /* LaunchScreen.storyboard in Resources */,
				9A4E542021AEC8C30033FEBF /* CreateNewAccount.storyboard in Resources */,
				96451FDA21AC79F000C9C351 /* Assets.xcassets in Resources */,
				9A4E542F21AF4B160033FEBF /* NewStoryScreen.storyboard in Resources */,
				9A4E542521AF40790033FEBF /* Login.storyboard in Resources */,
				96451FD821AC79EF00C9C351 /* Main.storyboard in Resources */,
			);
			runOnlyForDeploymentPostprocessing = 0;
		};
		96451FE121AC79F000C9C351 /* Resources */ = {
			isa = PBXResourcesBuildPhase;
			buildActionMask = 2147483647;
			files = (
			);
			runOnlyForDeploymentPostprocessing = 0;
		};
/* End PBXResourcesBuildPhase section */

/* Begin PBXSourcesBuildPhase section */
		96451FCB21AC79EF00C9C351 /* Sources */ = {
			isa = PBXSourcesBuildPhase;
			buildActionMask = 2147483647;
			files = (
				9A4E543321B0065A0033FEBF /* CreateNewAccount.swift in Sources */,
				9A4E543F21B006E60033FEBF /* NewStoryScreen.swift in Sources */,
				9A4E543921B0069B0033FEBF /* Feed.swift in Sources */,
				9A4E544121B0071F0033FEBF /* StoryScreen.swift in Sources */,
				9A4E543721B006870033FEBF /* Profile.swift in Sources */,
				9AFBE5A021B1D35A0050AE3E /* ExampleViewController.swift in Sources */,
				9A4E543B21B006B30033FEBF /* Messages.swift in Sources */,
				9AFBE5A221B305630050AE3E /* ViewExtensions.swift in Sources */,
				96451FD521AC79EF00C9C351 /* ViewController.swift in Sources */,
				96451FD321AC79EF00C9C351 /* AppDelegate.swift in Sources */,
				9A4E543D21B006CC0033FEBF /* Informations.swift in Sources */,
				9AFBE59E21B1D2D90050AE3E /* CustomSegmentedContrl.swift in Sources */,
				9A4E543521B0066F0033FEBF /* Login.swift in Sources */,
			);
			runOnlyForDeploymentPostprocessing = 0;
		};
		96451FDF21AC79F000C9C351 /* Sources */ = {
			isa = PBXSourcesBuildPhase;
			buildActionMask = 2147483647;
			files = (
				96451FE821AC79F000C9C351 /* ChaDas5UITests.swift in Sources */,
			);
			runOnlyForDeploymentPostprocessing = 0;
		};
/* End PBXSourcesBuildPhase section */

/* Begin PBXTargetDependency section */
		96451FE521AC79F000C9C351 /* PBXTargetDependency */ = {
			isa = PBXTargetDependency;
			target = 96451FCE21AC79EF00C9C351 /* ChaDas5 */;
			targetProxy = 96451FE421AC79F000C9C351 /* PBXContainerItemProxy */;
		};
/* End PBXTargetDependency section */

/* Begin PBXVariantGroup section */
		96451FD621AC79EF00C9C351 /* Main.storyboard */ = {
			isa = PBXVariantGroup;
			children = (
				96451FD721AC79EF00C9C351 /* Base */,
			);
			name = Main.storyboard;
			sourceTree = "<group>";
		};
		96451FDB21AC79F000C9C351 /* LaunchScreen.storyboard */ = {
			isa = PBXVariantGroup;
			children = (
				96451FDC21AC79F000C9C351 /* Base */,
			);
			name = LaunchScreen.storyboard;
			sourceTree = "<group>";
		};
/* End PBXVariantGroup section */

/* Begin XCBuildConfiguration section */
		96451FEA21AC79F000C9C351 /* Debug */ = {
			isa = XCBuildConfiguration;
			buildSettings = {
				ALWAYS_SEARCH_USER_PATHS = NO;
				CLANG_ANALYZER_NONNULL = YES;
				CLANG_ANALYZER_NUMBER_OBJECT_CONVERSION = YES_AGGRESSIVE;
				CLANG_CXX_LANGUAGE_STANDARD = "gnu++14";
				CLANG_CXX_LIBRARY = "libc++";
				CLANG_ENABLE_MODULES = YES;
				CLANG_ENABLE_OBJC_ARC = YES;
				CLANG_ENABLE_OBJC_WEAK = YES;
				CLANG_WARN_BLOCK_CAPTURE_AUTORELEASING = YES;
				CLANG_WARN_BOOL_CONVERSION = YES;
				CLANG_WARN_COMMA = YES;
				CLANG_WARN_CONSTANT_CONVERSION = YES;
				CLANG_WARN_DEPRECATED_OBJC_IMPLEMENTATIONS = YES;
				CLANG_WARN_DIRECT_OBJC_ISA_USAGE = YES_ERROR;
				CLANG_WARN_DOCUMENTATION_COMMENTS = YES;
				CLANG_WARN_EMPTY_BODY = YES;
				CLANG_WARN_ENUM_CONVERSION = YES;
				CLANG_WARN_INFINITE_RECURSION = YES;
				CLANG_WARN_INT_CONVERSION = YES;
				CLANG_WARN_NON_LITERAL_NULL_CONVERSION = YES;
				CLANG_WARN_OBJC_IMPLICIT_RETAIN_SELF = YES;
				CLANG_WARN_OBJC_LITERAL_CONVERSION = YES;
				CLANG_WARN_OBJC_ROOT_CLASS = YES_ERROR;
				CLANG_WARN_RANGE_LOOP_ANALYSIS = YES;
				CLANG_WARN_STRICT_PROTOTYPES = YES;
				CLANG_WARN_SUSPICIOUS_MOVE = YES;
				CLANG_WARN_UNGUARDED_AVAILABILITY = YES_AGGRESSIVE;
				CLANG_WARN_UNREACHABLE_CODE = YES;
				CLANG_WARN__DUPLICATE_METHOD_MATCH = YES;
				CODE_SIGN_IDENTITY = "iPhone Developer";
				COPY_PHASE_STRIP = NO;
				DEBUG_INFORMATION_FORMAT = dwarf;
				ENABLE_STRICT_OBJC_MSGSEND = YES;
				ENABLE_TESTABILITY = YES;
				GCC_C_LANGUAGE_STANDARD = gnu11;
				GCC_DYNAMIC_NO_PIC = NO;
				GCC_NO_COMMON_BLOCKS = YES;
				GCC_OPTIMIZATION_LEVEL = 0;
				GCC_PREPROCESSOR_DEFINITIONS = (
					"DEBUG=1",
					"$(inherited)",
				);
				GCC_WARN_64_TO_32_BIT_CONVERSION = YES;
				GCC_WARN_ABOUT_RETURN_TYPE = YES_ERROR;
				GCC_WARN_UNDECLARED_SELECTOR = YES;
				GCC_WARN_UNINITIALIZED_AUTOS = YES_AGGRESSIVE;
				GCC_WARN_UNUSED_FUNCTION = YES;
				GCC_WARN_UNUSED_VARIABLE = YES;
				IPHONEOS_DEPLOYMENT_TARGET = 12.1;
				MTL_ENABLE_DEBUG_INFO = INCLUDE_SOURCE;
				MTL_FAST_MATH = YES;
				ONLY_ACTIVE_ARCH = YES;
				SDKROOT = iphoneos;
				SWIFT_ACTIVE_COMPILATION_CONDITIONS = DEBUG;
				SWIFT_OPTIMIZATION_LEVEL = "-Onone";
			};
			name = Debug;
		};
		96451FEB21AC79F000C9C351 /* Release */ = {
			isa = XCBuildConfiguration;
			buildSettings = {
				ALWAYS_SEARCH_USER_PATHS = NO;
				CLANG_ANALYZER_NONNULL = YES;
				CLANG_ANALYZER_NUMBER_OBJECT_CONVERSION = YES_AGGRESSIVE;
				CLANG_CXX_LANGUAGE_STANDARD = "gnu++14";
				CLANG_CXX_LIBRARY = "libc++";
				CLANG_ENABLE_MODULES = YES;
				CLANG_ENABLE_OBJC_ARC = YES;
				CLANG_ENABLE_OBJC_WEAK = YES;
				CLANG_WARN_BLOCK_CAPTURE_AUTORELEASING = YES;
				CLANG_WARN_BOOL_CONVERSION = YES;
				CLANG_WARN_COMMA = YES;
				CLANG_WARN_CONSTANT_CONVERSION = YES;
				CLANG_WARN_DEPRECATED_OBJC_IMPLEMENTATIONS = YES;
				CLANG_WARN_DIRECT_OBJC_ISA_USAGE = YES_ERROR;
				CLANG_WARN_DOCUMENTATION_COMMENTS = YES;
				CLANG_WARN_EMPTY_BODY = YES;
				CLANG_WARN_ENUM_CONVERSION = YES;
				CLANG_WARN_INFINITE_RECURSION = YES;
				CLANG_WARN_INT_CONVERSION = YES;
				CLANG_WARN_NON_LITERAL_NULL_CONVERSION = YES;
				CLANG_WARN_OBJC_IMPLICIT_RETAIN_SELF = YES;
				CLANG_WARN_OBJC_LITERAL_CONVERSION = YES;
				CLANG_WARN_OBJC_ROOT_CLASS = YES_ERROR;
				CLANG_WARN_RANGE_LOOP_ANALYSIS = YES;
				CLANG_WARN_STRICT_PROTOTYPES = YES;
				CLANG_WARN_SUSPICIOUS_MOVE = YES;
				CLANG_WARN_UNGUARDED_AVAILABILITY = YES_AGGRESSIVE;
				CLANG_WARN_UNREACHABLE_CODE = YES;
				CLANG_WARN__DUPLICATE_METHOD_MATCH = YES;
				CODE_SIGN_IDENTITY = "iPhone Developer";
				COPY_PHASE_STRIP = NO;
				DEBUG_INFORMATION_FORMAT = "dwarf-with-dsym";
				ENABLE_NS_ASSERTIONS = NO;
				ENABLE_STRICT_OBJC_MSGSEND = YES;
				GCC_C_LANGUAGE_STANDARD = gnu11;
				GCC_NO_COMMON_BLOCKS = YES;
				GCC_WARN_64_TO_32_BIT_CONVERSION = YES;
				GCC_WARN_ABOUT_RETURN_TYPE = YES_ERROR;
				GCC_WARN_UNDECLARED_SELECTOR = YES;
				GCC_WARN_UNINITIALIZED_AUTOS = YES_AGGRESSIVE;
				GCC_WARN_UNUSED_FUNCTION = YES;
				GCC_WARN_UNUSED_VARIABLE = YES;
				IPHONEOS_DEPLOYMENT_TARGET = 12.1;
				MTL_ENABLE_DEBUG_INFO = NO;
				MTL_FAST_MATH = YES;
				SDKROOT = iphoneos;
				SWIFT_COMPILATION_MODE = wholemodule;
				SWIFT_OPTIMIZATION_LEVEL = "-O";
				VALIDATE_PRODUCT = YES;
			};
			name = Release;
		};
		96451FED21AC79F000C9C351 /* Debug */ = {
			isa = XCBuildConfiguration;
			buildSettings = {
				ASSETCATALOG_COMPILER_APPICON_NAME = AppIcon;
				CODE_SIGN_STYLE = Automatic;
				DEVELOPMENT_TEAM = B5JURCMZMH;
				INFOPLIST_FILE = ChaDas5/Info.plist;
				IPHONEOS_DEPLOYMENT_TARGET = 12.0;
				LD_RUNPATH_SEARCH_PATHS = (
					"$(inherited)",
					"@executable_path/Frameworks",
				);
				PRODUCT_BUNDLE_IDENTIFIER = com.julia.ChaDas5;
				PRODUCT_NAME = "$(TARGET_NAME)";
				SWIFT_VERSION = 4.2;
				TARGETED_DEVICE_FAMILY = "1,2";
			};
			name = Debug;
		};
		96451FEE21AC79F000C9C351 /* Release */ = {
			isa = XCBuildConfiguration;
			buildSettings = {
				ASSETCATALOG_COMPILER_APPICON_NAME = AppIcon;
				CODE_SIGN_STYLE = Automatic;
				DEVELOPMENT_TEAM = B5JURCMZMH;
				INFOPLIST_FILE = ChaDas5/Info.plist;
				IPHONEOS_DEPLOYMENT_TARGET = 12.0;
				LD_RUNPATH_SEARCH_PATHS = (
					"$(inherited)",
					"@executable_path/Frameworks",
				);
				PRODUCT_BUNDLE_IDENTIFIER = com.julia.ChaDas5;
				PRODUCT_NAME = "$(TARGET_NAME)";
				SWIFT_VERSION = 4.2;
				TARGETED_DEVICE_FAMILY = "1,2";
			};
			name = Release;
		};
		96451FF021AC79F000C9C351 /* Debug */ = {
			isa = XCBuildConfiguration;
			buildSettings = {
				ALWAYS_EMBED_SWIFT_STANDARD_LIBRARIES = YES;
				CODE_SIGN_STYLE = Automatic;
				DEVELOPMENT_TEAM = 98PH68S7E9;
				INFOPLIST_FILE = ChaDas5UITests/Info.plist;
				LD_RUNPATH_SEARCH_PATHS = (
					"$(inherited)",
					"@executable_path/Frameworks",
					"@loader_path/Frameworks",
				);
				PRODUCT_BUNDLE_IDENTIFIER = com.julia.ChaDas5UITests;
				PRODUCT_NAME = "$(TARGET_NAME)";
				SWIFT_VERSION = 4.2;
				TARGETED_DEVICE_FAMILY = "1,2";
				TEST_TARGET_NAME = ChaDas5;
			};
			name = Debug;
		};
		96451FF121AC79F000C9C351 /* Release */ = {
			isa = XCBuildConfiguration;
			buildSettings = {
				ALWAYS_EMBED_SWIFT_STANDARD_LIBRARIES = YES;
				CODE_SIGN_STYLE = Automatic;
				DEVELOPMENT_TEAM = 98PH68S7E9;
				INFOPLIST_FILE = ChaDas5UITests/Info.plist;
				LD_RUNPATH_SEARCH_PATHS = (
					"$(inherited)",
					"@executable_path/Frameworks",
					"@loader_path/Frameworks",
				);
				PRODUCT_BUNDLE_IDENTIFIER = com.julia.ChaDas5UITests;
				PRODUCT_NAME = "$(TARGET_NAME)";
				SWIFT_VERSION = 4.2;
				TARGETED_DEVICE_FAMILY = "1,2";
				TEST_TARGET_NAME = ChaDas5;
			};
			name = Release;
		};
/* End XCBuildConfiguration section */

/* Begin XCConfigurationList section */
		96451FCA21AC79EF00C9C351 /* Build configuration list for PBXProject "ChaDas5" */ = {
			isa = XCConfigurationList;
			buildConfigurations = (
				96451FEA21AC79F000C9C351 /* Debug */,
				96451FEB21AC79F000C9C351 /* Release */,
			);
			defaultConfigurationIsVisible = 0;
			defaultConfigurationName = Release;
		};
		96451FEC21AC79F000C9C351 /* Build configuration list for PBXNativeTarget "ChaDas5" */ = {
			isa = XCConfigurationList;
			buildConfigurations = (
				96451FED21AC79F000C9C351 /* Debug */,
				96451FEE21AC79F000C9C351 /* Release */,
			);
			defaultConfigurationIsVisible = 0;
			defaultConfigurationName = Release;
		};
		96451FEF21AC79F000C9C351 /* Build configuration list for PBXNativeTarget "ChaDas5UITests" */ = {
			isa = XCConfigurationList;
			buildConfigurations = (
				96451FF021AC79F000C9C351 /* Debug */,
				96451FF121AC79F000C9C351 /* Release */,
			);
			defaultConfigurationIsVisible = 0;
			defaultConfigurationName = Release;
		};
/* End XCConfigurationList section */
	};
	rootObject = 96451FC721AC79EF00C9C351 /* Project object */;
}
